
Microsoft Visual Studio Solution File, Format Version 12.00
# Visual Studio Version 17
VisualStudioVersion = 17.5.002.0
MinimumVisualStudioVersion = 10.0.40219.1
Project("{9A19103F-16F7-4668-BE54-9A1E7A4F7556}") = "YogaApp", "YogaApp\YogaApp.csproj", "{FC37F7A9-AF4E-47BE-9AA0-687B04A38E80}"
EndProject
Global
	GlobalSection(SolutionConfigurationPlatforms) = preSolution
		Debug|Any CPU = Debug|Any CPU
		Release|Any CPU = Release|Any CPU
	EndGlobalSection
	GlobalSection(ProjectConfigurationPlatforms) = postSolution
		{FC37F7A9-AF4E-47BE-9AA0-687B04A38E80}.Debug|Any CPU.ActiveCfg = Debug|Any CPU
		{FC37F7A9-AF4E-47BE-9AA0-687B04A38E80}.Debug|Any CPU.Build.0 = Debug|Any CPU
		{FC37F7A9-AF4E-47BE-9AA0-687B04A38E80}.Release|Any CPU.ActiveCfg = Release|Any CPU
		{FC37F7A9-AF4E-47BE-9AA0-687B04A38E80}.Release|Any CPU.Build.0 = Release|Any CPU
	EndGlobalSection
	GlobalSection(SolutionProperties) = preSolution
		HideSolutionNode = FALSE
	EndGlobalSection
	GlobalSection(ExtensibilityGlobals) = postSolution
		SolutionGuid = {2CC8DC85-143E-4E75-8D8E-68D9C57808BD}
	EndGlobalSection
EndGlobal
